
Microsoft Visual Studio Solution File, Format Version 12.00
# Visual Studio Version 16
VisualStudioVersion = 16.0.29920.165
MinimumVisualStudioVersion = 10.0.40219.1
Project("{FAE04EC0-301F-11D3-BF4B-00C04F79EFBC}") = "task2", "task2.csproj", "{1649EC6D-5F2D-4795-AEF5-58110D137D77}"
EndProject
Global
	GlobalSection(SolutionConfigurationPlatforms) = preSolution
		Debug|Any CPU = Debug|Any CPU
		Release|Any CPU = Release|Any CPU
	EndGlobalSection
	GlobalSection(ProjectConfigurationPlatforms) = postSolution
		{1649EC6D-5F2D-4795-AEF5-58110D137D77}.Debug|Any CPU.ActiveCfg = Debug|Any CPU
		{1649EC6D-5F2D-4795-AEF5-58110D137D77}.Debug|Any CPU.Build.0 = Debug|Any CPU
		{1649EC6D-5F2D-4795-AEF5-58110D137D77}.Release|Any CPU.ActiveCfg = Release|Any CPU
		{1649EC6D-5F2D-4795-AEF5-58110D137D77}.Release|Any CPU.Build.0 = Release|Any CPU
	EndGlobalSection
	GlobalSection(SolutionProperties) = preSolution
		HideSolutionNode = FALSE
	EndGlobalSection
	GlobalSection(ExtensibilityGlobals) = postSolution
		SolutionGuid = {5BEE20EA-177F-4218-A083-53C31FAB1D92}
	EndGlobalSection
EndGlobal
